
Microsoft Visual Studio Solution File, Format Version 11.00
# Visual Studio 2010
Project("{FAE04EC0-301F-11D3-BF4B-00C04F79EFBC}") = "UnityEngine.UI", "UnityEngine.UI.csproj", "{15ED0953-98F8-E061-073C-E89B4B74DA8D}"
EndProject
Project("{FAE04EC0-301F-11D3-BF4B-00C04F79EFBC}") = "UnityEngine.TestRunner", "UnityEngine.TestRunner.csproj", "{CF301A93-6C26-8120-0B3D-1DA72940490C}"
EndProject
Project("{FAE04EC0-301F-11D3-BF4B-00C04F79EFBC}") = "UnityEngine.XR.LegacyInputHelpers", "UnityEngine.XR.LegacyInputHelpers.csproj", "{EF33029D-A373-DA82-B3E7-73509CDBD0D9}"
EndProject
Project("{FAE04EC0-301F-11D3-BF4B-00C04F79EFBC}") = "UnityEngine.UI.Tests", "UnityEngine.UI.Tests.csproj", "{2E1C3D4E-4B92-1D95-9E86-8CCD802276CA}"
EndProject
Project("{FAE04EC0-301F-11D3-BF4B-00C04F79EFBC}") = "Unity.Timeline", "Unity.Timeline.csproj", "{BC104BB9-F7D2-EFE6-7145-D6DD219BA4F6}"
EndProject
Project("{FAE04EC0-301F-11D3-BF4B-00C04F79EFBC}") = "UnityEngine.Purchasing.WinRTCore", "UnityEngine.Purchasing.WinRTCore.csproj", "{3671378A-8CC2-7534-CDA2-04DC197AA236}"
EndProject
Project("{FAE04EC0-301F-11D3-BF4B-00C04F79EFBC}") = "Assembly-CSharp", "Assembly-CSharp.csproj", "{34B6E873-5190-3F22-D782-6B26305302EF}"
EndProject
Project("{FAE04EC0-301F-11D3-BF4B-00C04F79EFBC}") = "UnityEngine.Monetization", "UnityEngine.Monetization.csproj", "{44E2B730-7051-9284-78D0-F417B9120AFB}"
EndProject
Project("{FAE04EC0-301F-11D3-BF4B-00C04F79EFBC}") = "UnityEngine.Purchasing.SecurityCore", "UnityEngine.Purchasing.SecurityCore.csproj", "{DF663C38-FD14-B179-47B7-15ECA04FCE14}"
EndProject
Project("{FAE04EC0-301F-11D3-BF4B-00C04F79EFBC}") = "Unity.TextMeshPro", "Unity.TextMeshPro.csproj", "{5D20EC23-EAB9-696F-D076-5BE24D362365}"
EndProject
Project("{FAE04EC0-301F-11D3-BF4B-00C04F79EFBC}") = "UnityEngine.Purchasing", "UnityEngine.Purchasing.csproj", "{B38AFED1-D24C-9D91-84CF-A7A17BF9F5C7}"
EndProject
Project("{FAE04EC0-301F-11D3-BF4B-00C04F79EFBC}") = "UnityEngine.Purchasing.AppleCore", "UnityEngine.Purchasing.AppleCore.csproj", "{A6DC7EC1-D12C-2317-E1D4-E62521D016F8}"
EndProject
Project("{FAE04EC0-301F-11D3-BF4B-00C04F79EFBC}") = "UnityEngine.Purchasing.Stores", "UnityEngine.Purchasing.Stores.csproj", "{42D5298C-A7A2-14AD-E637-B7DB92E1E4C3}"
EndProject
Project("{FAE04EC0-301F-11D3-BF4B-00C04F79EFBC}") = "UnityEngine.Advertisements", "UnityEngine.Advertisements.csproj", "{6CAA688C-9997-DD8D-D3E2-B7E95B420423}"
EndProject
Project("{FAE04EC0-301F-11D3-BF4B-00C04F79EFBC}") = "UnityEngine.Advertisements.Tests", "UnityEngine.Advertisements.Tests.csproj", "{2019DC23-D63A-1FAA-9BE2-A35E86744F2C}"
EndProject
Project("{FAE04EC0-301F-11D3-BF4B-00C04F79EFBC}") = "UnityEngine.Purchasing.SecurityStub", "UnityEngine.Purchasing.SecurityStub.csproj", "{20DA8806-2A64-C56F-1EAF-46F889ADD9B5}"
EndProject
Project("{FAE04EC0-301F-11D3-BF4B-00C04F79EFBC}") = "Purchasing.Common", "Purchasing.Common.csproj", "{5127FEFA-C455-54F5-D20C-633F34F3508E}"
EndProject
Project("{FAE04EC0-301F-11D3-BF4B-00C04F79EFBC}") = "Unity.Analytics.DataPrivacy.Tests", "Unity.Analytics.DataPrivacy.Tests.csproj", "{0D3EA3EC-6CF2-246F-7B82-3837025663B7}"
EndProject
Project("{FAE04EC0-301F-11D3-BF4B-00C04F79EFBC}") = "UnityEngine.Purchasing.Codeless", "UnityEngine.Purchasing.Codeless.csproj", "{2A940251-EEA0-D28E-579E-014F076E4B73}"
EndProject
Project("{FAE04EC0-301F-11D3-BF4B-00C04F79EFBC}") = "UnityEngine.Purchasing.WinRTStub", "UnityEngine.Purchasing.WinRTStub.csproj", "{C7E86DBB-258A-09BC-96CD-149D16F4BCA5}"
EndProject
Project("{FAE04EC0-301F-11D3-BF4B-00C04F79EFBC}") = "UnityEngine.Purchasing.AppleStub", "UnityEngine.Purchasing.AppleStub.csproj", "{50679DDD-D8EA-0A92-12E7-21D52341F9B1}"
EndProject
Project("{FAE04EC0-301F-11D3-BF4B-00C04F79EFBC}") = "UnityEngine.Purchasing.AppleMacosStub", "UnityEngine.Purchasing.AppleMacosStub.csproj", "{FBD0F1A3-A6E6-7421-3761-A2DFAC434031}"
EndProject
Project("{FAE04EC0-301F-11D3-BF4B-00C04F79EFBC}") = "UnityEngine.SpatialTracking.Tests", "UnityEngine.SpatialTracking.Tests.csproj", "{C459D3C2-617D-948B-E391-9BC044A74CDE}"
EndProject
Project("{FAE04EC0-301F-11D3-BF4B-00C04F79EFBC}") = "Unity.TextMeshPro.Tests", "Unity.TextMeshPro.Tests.csproj", "{896383DC-81D3-3B69-8D2E-2AB5853BAA19}"
EndProject
Project("{FAE04EC0-301F-11D3-BF4B-00C04F79EFBC}") = "UnityEngine.SpatialTracking", "UnityEngine.SpatialTracking.csproj", "{61C6F478-41FE-029F-EFE6-9A36A1FE540A}"
EndProject
Project("{FAE04EC0-301F-11D3-BF4B-00C04F79EFBC}") = "Unity.Analytics.DataPrivacy", "Unity.Analytics.DataPrivacy.csproj", "{571EA460-D73A-43EF-63B1-5EC32B3D0550}"
EndProject
Project("{FAE04EC0-301F-11D3-BF4B-00C04F79EFBC}") = "UnityEditor.TestRunner", "UnityEditor.TestRunner.csproj", "{3E1432AB-28F5-0F06-826A-0DE07BC3054B}"
EndProject
Project("{FAE04EC0-301F-11D3-BF4B-00C04F79EFBC}") = "Unity.PlasticSCM.Editor", "Unity.PlasticSCM.Editor.csproj", "{2E05F229-6E2D-CEB6-9485-3FCF0BCCB6FA}"
EndProject
Project("{FAE04EC0-301F-11D3-BF4B-00C04F79EFBC}") = "UnityEditor.UI", "UnityEditor.UI.csproj", "{4D31EE95-DB8E-06FB-C58B-0A868340BC1F}"
EndProject
Project("{FAE04EC0-301F-11D3-BF4B-00C04F79EFBC}") = "Unity.Services.Core.Editor", "Unity.Services.Core.Editor.csproj", "{1D5D85B9-0C30-F192-98DF-E4F726AB3E68}"
EndProject
Project("{FAE04EC0-301F-11D3-BF4B-00C04F79EFBC}") = "Unity.Timeline.Editor", "Unity.Timeline.Editor.csproj", "{8D9DF616-3F8B-D055-A6CC-A697F3D6C7CE}"
EndProject
Project("{FAE04EC0-301F-11D3-BF4B-00C04F79EFBC}") = "Unity.VisualStudio.Editor", "Unity.VisualStudio.Editor.csproj", "{DD78A9C2-46A0-53A6-DF56-8B7279528697}"
EndProject
Project("{FAE04EC0-301F-11D3-BF4B-00C04F79EFBC}") = "UnityEngine.Advertisements.Editor", "UnityEngine.Advertisements.Editor.csproj", "{0725FCC2-90C7-2990-A7BA-DA8E790A220C}"
EndProject
Project("{FAE04EC0-301F-11D3-BF4B-00C04F79EFBC}") = "Unity.TextMeshPro.Editor", "Unity.TextMeshPro.Editor.csproj", "{08306CB2-DBB9-4152-F994-27DE3147FBF2}"
EndProject
Project("{FAE04EC0-301F-11D3-BF4B-00C04F79EFBC}") = "Unity.CollabProxy.Editor", "Unity.CollabProxy.Editor.csproj", "{7825A601-9A84-5D20-FE96-ED342E813FE2}"
EndProject
Project("{FAE04EC0-301F-11D3-BF4B-00C04F79EFBC}") = "DocCodeExamples", "DocCodeExamples.csproj", "{28F0583C-D155-CA9B-AAFF-24ECC8658D1C}"
EndProject
Project("{FAE04EC0-301F-11D3-BF4B-00C04F79EFBC}") = "UnityEditor.Purchasing", "UnityEditor.Purchasing.csproj", "{1D9D609B-E24C-E9D1-9DD1-8ECEF76D04FC}"
EndProject
Project("{FAE04EC0-301F-11D3-BF4B-00C04F79EFBC}") = "Unity.PlasticSCM.EditorTests", "Unity.PlasticSCM.EditorTests.csproj", "{9CD334E2-49B2-6DDC-6A07-CAF6CA7015AD}"
EndProject
Project("{FAE04EC0-301F-11D3-BF4B-00C04F79EFBC}") = "Unity.Rider.Editor", "Unity.Rider.Editor.csproj", "{FBC51D45-D819-2887-9516-692E0DD77E3D}"
EndProject
Project("{FAE04EC0-301F-11D3-BF4B-00C04F79EFBC}") = "UnityEditor.UI.EditorTests", "UnityEditor.UI.EditorTests.csproj", "{2BADFF6F-BE3D-468F-3948-125B738B7392}"
EndProject
Project("{FAE04EC0-301F-11D3-BF4B-00C04F79EFBC}") = "Unity.Analytics.StandardEvents.EditorTests", "Unity.Analytics.StandardEvents.EditorTests.csproj", "{4BCFF64A-F658-87A7-0A10-A1C53057C5BC}"
EndProject
Project("{FAE04EC0-301F-11D3-BF4B-00C04F79EFBC}") = "Unity.CollabProxy.EditorTests", "Unity.CollabProxy.EditorTests.csproj", "{23869EA6-CFBB-8569-6728-A2644AE16735}"
EndProject
Project("{FAE04EC0-301F-11D3-BF4B-00C04F79EFBC}") = "UnityEngine.Advertisements.DevX.Editor", "UnityEngine.Advertisements.DevX.Editor.csproj", "{833223B2-7A8C-8461-01F5-E235B7EACD28}"
EndProject
Project("{FAE04EC0-301F-11D3-BF4B-00C04F79EFBC}") = "UnityEditor.XR.LegacyInputHelpers", "UnityEditor.XR.LegacyInputHelpers.csproj", "{71419DB6-EAC7-7959-E368-6244F152E3EB}"
EndProject
Project("{FAE04EC0-301F-11D3-BF4B-00C04F79EFBC}") = "UnityEngine.Advertisements.Editor.Tests", "UnityEngine.Advertisements.Editor.Tests.csproj", "{2F391271-C6F8-0DA1-DF0E-87F4DBB20C23}"
EndProject
Project("{FAE04EC0-301F-11D3-BF4B-00C04F79EFBC}") = "Unity.2D.Sprite.Editor", "Unity.2D.Sprite.Editor.csproj", "{75972166-65D4-AF74-011A-E5729C380BE2}"
EndProject
Project("{FAE04EC0-301F-11D3-BF4B-00C04F79EFBC}") = "Unity.2D.Tilemap.Editor", "Unity.2D.Tilemap.Editor.csproj", "{52DD5E04-FAAF-4B7B-5F18-30861345FE93}"
EndProject
Project("{FAE04EC0-301F-11D3-BF4B-00C04F79EFBC}") = "Unity.VSCode.Editor", "Unity.VSCode.Editor.csproj", "{186F353F-7199-10CC-80AA-FA2791F3EFED}"
EndProject
Project("{FAE04EC0-301F-11D3-BF4B-00C04F79EFBC}") = "UnityEditor.SpatialTracking", "UnityEditor.SpatialTracking.csproj", "{92BB73B0-534D-DA40-CCDE-B3D194625A56}"
EndProject
Project("{FAE04EC0-301F-11D3-BF4B-00C04F79EFBC}") = "Assembly-CSharp-Editor", "Assembly-CSharp-Editor.csproj", "{5C8898D7-6EC8-3A66-6F6B-FEC8EDBC2C7E}"
EndProject
Project("{FAE04EC0-301F-11D3-BF4B-00C04F79EFBC}") = "Analytics", "Analytics.csproj", "{ED496D46-C8EE-04C7-A7BC-581F0E704317}"
EndProject
Project("{FAE04EC0-301F-11D3-BF4B-00C04F79EFBC}") = "UnityEngine.Monetization.Editor.Tests", "UnityEngine.Monetization.Editor.Tests.csproj", "{8C8276CE-DD24-5D5D-F981-BC6DC1850077}"
EndProject
Project("{FAE04EC0-301F-11D3-BF4B-00C04F79EFBC}") = "Unity.2D.Tilemap.Package.EditorTests", "Unity.2D.Tilemap.Package.EditorTests.csproj", "{5CCE00BB-44A1-BAA7-D94A-641D9D24A2A1}"
EndProject
Project("{FAE04EC0-301F-11D3-BF4B-00C04F79EFBC}") = "UnityEditor.XR.LegacyInputHelpers.Tests", "UnityEditor.XR.LegacyInputHelpers.Tests.csproj", "{C9E5B5B1-B46A-FEFC-0A9A-5317AB12B12F}"
EndProject
Project("{FAE04EC0-301F-11D3-BF4B-00C04F79EFBC}") = "Unity.2D.Sprite.Package.EditorTests", "Unity.2D.Sprite.Package.EditorTests.csproj", "{674C59EF-2CF0-46A5-A8B8-BBE31A1D8208}"
EndProject
Project("{FAE04EC0-301F-11D3-BF4B-00C04F79EFBC}") = "Unity.Nuget.NewtonsoftJson.EditorTests", "Unity.Nuget.NewtonsoftJson.EditorTests.csproj", "{31EB415A-8D6D-825D-43C5-0ADF3A3005B9}"
EndProject
Project("{FAE04EC0-301F-11D3-BF4B-00C04F79EFBC}") = "Unity.TextMeshPro.Editor.Tests", "Unity.TextMeshPro.Editor.Tests.csproj", "{FF3089B4-C3E2-2DBA-B0AA-3B21D5337340}"
EndProject
Global
	GlobalSection(SolutionConfigurationPlatforms) = preSolution
		Debug|Any CPU = Debug|Any CPU
		Release|Any CPU = Release|Any CPU
	EndGlobalSection
	GlobalSection(ProjectConfigurationPlatforms) = postSolution
		{15ED0953-98F8-E061-073C-E89B4B74DA8D}.Debug|Any CPU.ActiveCfg = Debug|Any CPU
		{15ED0953-98F8-E061-073C-E89B4B74DA8D}.Debug|Any CPU.Build.0 = Debug|Any CPU
		{15ED0953-98F8-E061-073C-E89B4B74DA8D}.Release|Any CPU.ActiveCfg = Release|Any CPU
		{15ED0953-98F8-E061-073C-E89B4B74DA8D}.Release|Any CPU.Build.0 = Release|Any CPU
		{CF301A93-6C26-8120-0B3D-1DA72940490C}.Debug|Any CPU.ActiveCfg = Debug|Any CPU
		{CF301A93-6C26-8120-0B3D-1DA72940490C}.Debug|Any CPU.Build.0 = Debug|Any CPU
		{CF301A93-6C26-8120-0B3D-1DA72940490C}.Release|Any CPU.ActiveCfg = Release|Any CPU
		{CF301A93-6C26-8120-0B3D-1DA72940490C}.Release|Any CPU.Build.0 = Release|Any CPU
		{EF33029D-A373-DA82-B3E7-73509CDBD0D9}.Debug|Any CPU.ActiveCfg = Debug|Any CPU
		{EF33029D-A373-DA82-B3E7-73509CDBD0D9}.Debug|Any CPU.Build.0 = Debug|Any CPU
		{EF33029D-A373-DA82-B3E7-73509CDBD0D9}.Release|Any CPU.ActiveCfg = Release|Any CPU
		{EF33029D-A373-DA82-B3E7-73509CDBD0D9}.Release|Any CPU.Build.0 = Release|Any CPU
		{2E1C3D4E-4B92-1D95-9E86-8CCD802276CA}.Debug|Any CPU.ActiveCfg = Debug|Any CPU
		{2E1C3D4E-4B92-1D95-9E86-8CCD802276CA}.Debug|Any CPU.Build.0 = Debug|Any CPU
		{2E1C3D4E-4B92-1D95-9E86-8CCD802276CA}.Release|Any CPU.ActiveCfg = Release|Any CPU
		{2E1C3D4E-4B92-1D95-9E86-8CCD802276CA}.Release|Any CPU.Build.0 = Release|Any CPU
		{BC104BB9-F7D2-EFE6-7145-D6DD219BA4F6}.Debug|Any CPU.ActiveCfg = Debug|Any CPU
		{BC104BB9-F7D2-EFE6-7145-D6DD219BA4F6}.Debug|Any CPU.Build.0 = Debug|Any CPU
		{BC104BB9-F7D2-EFE6-7145-D6DD219BA4F6}.Release|Any CPU.ActiveCfg = Release|Any CPU
		{BC104BB9-F7D2-EFE6-7145-D6DD219BA4F6}.Release|Any CPU.Build.0 = Release|Any CPU
		{3671378A-8CC2-7534-CDA2-04DC197AA236}.Debug|Any CPU.ActiveCfg = Debug|Any CPU
		{3671378A-8CC2-7534-CDA2-04DC197AA236}.Debug|Any CPU.Build.0 = Debug|Any CPU
		{3671378A-8CC2-7534-CDA2-04DC197AA236}.Release|Any CPU.ActiveCfg = Release|Any CPU
		{3671378A-8CC2-7534-CDA2-04DC197AA236}.Release|Any CPU.Build.0 = Release|Any CPU
		{34B6E873-5190-3F22-D782-6B26305302EF}.Debug|Any CPU.ActiveCfg = Debug|Any CPU
		{34B6E873-5190-3F22-D782-6B26305302EF}.Debug|Any CPU.Build.0 = Debug|Any CPU
		{34B6E873-5190-3F22-D782-6B26305302EF}.Release|Any CPU.ActiveCfg = Release|Any CPU
		{34B6E873-5190-3F22-D782-6B26305302EF}.Release|Any CPU.Build.0 = Release|Any CPU
		{44E2B730-7051-9284-78D0-F417B9120AFB}.Debug|Any CPU.ActiveCfg = Debug|Any CPU
		{44E2B730-7051-9284-78D0-F417B9120AFB}.Debug|Any CPU.Build.0 = Debug|Any CPU
		{44E2B730-7051-9284-78D0-F417B9120AFB}.Release|Any CPU.ActiveCfg = Release|Any CPU
		{44E2B730-7051-9284-78D0-F417B9120AFB}.Release|Any CPU.Build.0 = Release|Any CPU
		{DF663C38-FD14-B179-47B7-15ECA04FCE14}.Debug|Any CPU.ActiveCfg = Debug|Any CPU
		{DF663C38-FD14-B179-47B7-15ECA04FCE14}.Debug|Any CPU.Build.0 = Debug|Any CPU
		{DF663C38-FD14-B179-47B7-15ECA04FCE14}.Release|Any CPU.ActiveCfg = Release|Any CPU
		{DF663C38-FD14-B179-47B7-15ECA04FCE14}.Release|Any CPU.Build.0 = Release|Any CPU
		{5D20EC23-EAB9-696F-D076-5BE24D362365}.Debug|Any CPU.ActiveCfg = Debug|Any CPU
		{5D20EC23-EAB9-696F-D076-5BE24D362365}.Debug|Any CPU.Build.0 = Debug|Any CPU
		{5D20EC23-EAB9-696F-D076-5BE24D362365}.Release|Any CPU.ActiveCfg = Release|Any CPU
		{5D20EC23-EAB9-696F-D076-5BE24D362365}.Release|Any CPU.Build.0 = Release|Any CPU
		{B38AFED1-D24C-9D91-84CF-A7A17BF9F5C7}.Debug|Any CPU.ActiveCfg = Debug|Any CPU
		{B38AFED1-D24C-9D91-84CF-A7A17BF9F5C7}.Debug|Any CPU.Build.0 = Debug|Any CPU
		{B38AFED1-D24C-9D91-84CF-A7A17BF9F5C7}.Release|Any CPU.ActiveCfg = Release|Any CPU
		{B38AFED1-D24C-9D91-84CF-A7A17BF9F5C7}.Release|Any CPU.Build.0 = Release|Any CPU
		{A6DC7EC1-D12C-2317-E1D4-E62521D016F8}.Debug|Any CPU.ActiveCfg = Debug|Any CPU
		{A6DC7EC1-D12C-2317-E1D4-E62521D016F8}.Debug|Any CPU.Build.0 = Debug|Any CPU
		{A6DC7EC1-D12C-2317-E1D4-E62521D016F8}.Release|Any CPU.ActiveCfg = Release|Any CPU
		{A6DC7EC1-D12C-2317-E1D4-E62521D016F8}.Release|Any CPU.Build.0 = Release|Any CPU
		{42D5298C-A7A2-14AD-E637-B7DB92E1E4C3}.Debug|Any CPU.ActiveCfg = Debug|Any CPU
		{42D5298C-A7A2-14AD-E637-B7DB92E1E4C3}.Debug|Any CPU.Build.0 = Debug|Any CPU
		{42D5298C-A7A2-14AD-E637-B7DB92E1E4C3}.Release|Any CPU.ActiveCfg = Release|Any CPU
		{42D5298C-A7A2-14AD-E637-B7DB92E1E4C3}.Release|Any CPU.Build.0 = Release|Any CPU
		{6CAA688C-9997-DD8D-D3E2-B7E95B420423}.Debug|Any CPU.ActiveCfg = Debug|Any CPU
		{6CAA688C-9997-DD8D-D3E2-B7E95B420423}.Debug|Any CPU.Build.0 = Debug|Any CPU
		{6CAA688C-9997-DD8D-D3E2-B7E95B420423}.Release|Any CPU.ActiveCfg = Release|Any CPU
		{6CAA688C-9997-DD8D-D3E2-B7E95B420423}.Release|Any CPU.Build.0 = Release|Any CPU
		{2019DC23-D63A-1FAA-9BE2-A35E86744F2C}.Debug|Any CPU.ActiveCfg = Debug|Any CPU
		{2019DC23-D63A-1FAA-9BE2-A35E86744F2C}.Debug|Any CPU.Build.0 = Debug|Any CPU
		{2019DC23-D63A-1FAA-9BE2-A35E86744F2C}.Release|Any CPU.ActiveCfg = Release|Any CPU
		{2019DC23-D63A-1FAA-9BE2-A35E86744F2C}.Release|Any CPU.Build.0 = Release|Any CPU
		{20DA8806-2A64-C56F-1EAF-46F889ADD9B5}.Debug|Any CPU.ActiveCfg = Debug|Any CPU
		{20DA8806-2A64-C56F-1EAF-46F889ADD9B5}.Debug|Any CPU.Build.0 = Debug|Any CPU
		{20DA8806-2A64-C56F-1EAF-46F889ADD9B5}.Release|Any CPU.ActiveCfg = Release|Any CPU
		{20DA8806-2A64-C56F-1EAF-46F889ADD9B5}.Release|Any CPU.Build.0 = Release|Any CPU
		{5127FEFA-C455-54F5-D20C-633F34F3508E}.Debug|Any CPU.ActiveCfg = Debug|Any CPU
		{5127FEFA-C455-54F5-D20C-633F34F3508E}.Debug|Any CPU.Build.0 = Debug|Any CPU
		{5127FEFA-C455-54F5-D20C-633F34F3508E}.Release|Any CPU.ActiveCfg = Release|Any CPU
		{5127FEFA-C455-54F5-D20C-633F34F3508E}.Release|Any CPU.Build.0 = Release|Any CPU
		{0D3EA3EC-6CF2-246F-7B82-3837025663B7}.Debug|Any CPU.ActiveCfg = Debug|Any CPU
		{0D3EA3EC-6CF2-246F-7B82-3837025663B7}.Debug|Any CPU.Build.0 = Debug|Any CPU
		{0D3EA3EC-6CF2-246F-7B82-3837025663B7}.Release|Any CPU.ActiveCfg = Release|Any CPU
		{0D3EA3EC-6CF2-246F-7B82-3837025663B7}.Release|Any CPU.Build.0 = Release|Any CPU
		{2A940251-EEA0-D28E-579E-014F076E4B73}.Debug|Any CPU.ActiveCfg = Debug|Any CPU
		{2A940251-EEA0-D28E-579E-014F076E4B73}.Debug|Any CPU.Build.0 = Debug|Any CPU
		{2A940251-EEA0-D28E-579E-014F076E4B73}.Release|Any CPU.ActiveCfg = Release|Any CPU
		{2A940251-EEA0-D28E-579E-014F076E4B73}.Release|Any CPU.Build.0 = Release|Any CPU
		{C7E86DBB-258A-09BC-96CD-149D16F4BCA5}.Debug|Any CPU.ActiveCfg = Debug|Any CPU
		{C7E86DBB-258A-09BC-96CD-149D16F4BCA5}.Debug|Any CPU.Build.0 = Debug|Any CPU
		{C7E86DBB-258A-09BC-96CD-149D16F4BCA5}.Release|Any CPU.ActiveCfg = Release|Any CPU
		{C7E86DBB-258A-09BC-96CD-149D16F4BCA5}.Release|Any CPU.Build.0 = Release|Any CPU
		{50679DDD-D8EA-0A92-12E7-21D52341F9B1}.Debug|Any CPU.ActiveCfg = Debug|Any CPU
		{50679DDD-D8EA-0A92-12E7-21D52341F9B1}.Debug|Any CPU.Build.0 = Debug|Any CPU
		{50679DDD-D8EA-0A92-12E7-21D52341F9B1}.Release|Any CPU.ActiveCfg = Release|Any CPU
		{50679DDD-D8EA-0A92-12E7-21D52341F9B1}.Release|Any CPU.Build.0 = Release|Any CPU
		{FBD0F1A3-A6E6-7421-3761-A2DFAC434031}.Debug|Any CPU.ActiveCfg = Debug|Any CPU
		{FBD0F1A3-A6E6-7421-3761-A2DFAC434031}.Debug|Any CPU.Build.0 = Debug|Any CPU
		{FBD0F1A3-A6E6-7421-3761-A2DFAC434031}.Release|Any CPU.ActiveCfg = Release|Any CPU
		{FBD0F1A3-A6E6-7421-3761-A2DFAC434031}.Release|Any CPU.Build.0 = Release|Any CPU
		{C459D3C2-617D-948B-E391-9BC044A74CDE}.Debug|Any CPU.ActiveCfg = Debug|Any CPU
		{C459D3C2-617D-948B-E391-9BC044A74CDE}.Debug|Any CPU.Build.0 = Debug|Any CPU
		{C459D3C2-617D-948B-E391-9BC044A74CDE}.Release|Any CPU.ActiveCfg = Release|Any CPU
		{C459D3C2-617D-948B-E391-9BC044A74CDE}.Release|Any CPU.Build.0 = Release|Any CPU
		{896383DC-81D3-3B69-8D2E-2AB5853BAA19}.Debug|Any CPU.ActiveCfg = Debug|Any CPU
		{896383DC-81D3-3B69-8D2E-2AB5853BAA19}.Debug|Any CPU.Build.0 = Debug|Any CPU
		{896383DC-81D3-3B69-8D2E-2AB5853BAA19}.Release|Any CPU.ActiveCfg = Release|Any CPU
		{896383DC-81D3-3B69-8D2E-2AB5853BAA19}.Release|Any CPU.Build.0 = Release|Any CPU
		{61C6F478-41FE-029F-EFE6-9A36A1FE540A}.Debug|Any CPU.ActiveCfg = Debug|Any CPU
		{61C6F478-41FE-029F-EFE6-9A36A1FE540A}.Debug|Any CPU.Build.0 = Debug|Any CPU
		{61C6F478-41FE-029F-EFE6-9A36A1FE540A}.Release|Any CPU.ActiveCfg = Release|Any CPU
		{61C6F478-41FE-029F-EFE6-9A36A1FE540A}.Release|Any CPU.Build.0 = Release|Any CPU
		{571EA460-D73A-43EF-63B1-5EC32B3D0550}.Debug|Any CPU.ActiveCfg = Debug|Any CPU
		{571EA460-D73A-43EF-63B1-5EC32B3D0550}.Debug|Any CPU.Build.0 = Debug|Any CPU
		{571EA460-D73A-43EF-63B1-5EC32B3D0550}.Release|Any CPU.ActiveCfg = Release|Any CPU
		{571EA460-D73A-43EF-63B1-5EC32B3D0550}.Release|Any CPU.Build.0 = Release|Any CPU
		{3E1432AB-28F5-0F06-826A-0DE07BC3054B}.Debug|Any CPU.ActiveCfg = Debug|Any CPU
		{3E1432AB-28F5-0F06-826A-0DE07BC3054B}.Debug|Any CPU.Build.0 = Debug|Any CPU
		{3E1432AB-28F5-0F06-826A-0DE07BC3054B}.Release|Any CPU.ActiveCfg = Release|Any CPU
		{3E1432AB-28F5-0F06-826A-0DE07BC3054B}.Release|Any CPU.Build.0 = Release|Any CPU
		{2E05F229-6E2D-CEB6-9485-3FCF0BCCB6FA}.Debug|Any CPU.ActiveCfg = Debug|Any CPU
		{2E05F229-6E2D-CEB6-9485-3FCF0BCCB6FA}.Debug|Any CPU.Build.0 = Debug|Any CPU
		{2E05F229-6E2D-CEB6-9485-3FCF0BCCB6FA}.Release|Any CPU.ActiveCfg = Release|Any CPU
		{2E05F229-6E2D-CEB6-9485-3FCF0BCCB6FA}.Release|Any CPU.Build.0 = Release|Any CPU
		{4D31EE95-DB8E-06FB-C58B-0A868340BC1F}.Debug|Any CPU.ActiveCfg = Debug|Any CPU
		{4D31EE95-DB8E-06FB-C58B-0A868340BC1F}.Debug|Any CPU.Build.0 = Debug|Any CPU
		{4D31EE95-DB8E-06FB-C58B-0A868340BC1F}.Release|Any CPU.ActiveCfg = Release|Any CPU
		{4D31EE95-DB8E-06FB-C58B-0A868340BC1F}.Release|Any CPU.Build.0 = Release|Any CPU
		{1D5D85B9-0C30-F192-98DF-E4F726AB3E68}.Debug|Any CPU.ActiveCfg = Debug|Any CPU
		{1D5D85B9-0C30-F192-98DF-E4F726AB3E68}.Debug|Any CPU.Build.0 = Debug|Any CPU
		{1D5D85B9-0C30-F192-98DF-E4F726AB3E68}.Release|Any CPU.ActiveCfg = Release|Any CPU
		{1D5D85B9-0C30-F192-98DF-E4F726AB3E68}.Release|Any CPU.Build.0 = Release|Any CPU
		{8D9DF616-3F8B-D055-A6CC-A697F3D6C7CE}.Debug|Any CPU.ActiveCfg = Debug|Any CPU
		{8D9DF616-3F8B-D055-A6CC-A697F3D6C7CE}.Debug|Any CPU.Build.0 = Debug|Any CPU
		{8D9DF616-3F8B-D055-A6CC-A697F3D6C7CE}.Release|Any CPU.ActiveCfg = Release|Any CPU
		{8D9DF616-3F8B-D055-A6CC-A697F3D6C7CE}.Release|Any CPU.Build.0 = Release|Any CPU
		{DD78A9C2-46A0-53A6-DF56-8B7279528697}.Debug|Any CPU.ActiveCfg = Debug|Any CPU
		{DD78A9C2-46A0-53A6-DF56-8B7279528697}.Debug|Any CPU.Build.0 = Debug|Any CPU
		{DD78A9C2-46A0-53A6-DF56-8B7279528697}.Release|Any CPU.ActiveCfg = Release|Any CPU
		{DD78A9C2-46A0-53A6-DF56-8B7279528697}.Release|Any CPU.Build.0 = Release|Any CPU
		{0725FCC2-90C7-2990-A7BA-DA8E790A220C}.Debug|Any CPU.ActiveCfg = Debug|Any CPU
		{0725FCC2-90C7-2990-A7BA-DA8E790A220C}.Debug|Any CPU.Build.0 = Debug|Any CPU
		{0725FCC2-90C7-2990-A7BA-DA8E790A220C}.Release|Any CPU.ActiveCfg = Release|Any CPU
		{0725FCC2-90C7-2990-A7BA-DA8E790A220C}.Release|Any CPU.Build.0 = Release|Any CPU
		{08306CB2-DBB9-4152-F994-27DE3147FBF2}.Debug|Any CPU.ActiveCfg = Debug|Any CPU
		{08306CB2-DBB9-4152-F994-27DE3147FBF2}.Debug|Any CPU.Build.0 = Debug|Any CPU
		{08306CB2-DBB9-4152-F994-27DE3147FBF2}.Release|Any CPU.ActiveCfg = Release|Any CPU
		{08306CB2-DBB9-4152-F994-27DE3147FBF2}.Release|Any CPU.Build.0 = Release|Any CPU
		{7825A601-9A84-5D20-FE96-ED342E813FE2}.Debug|Any CPU.ActiveCfg = Debug|Any CPU
		{7825A601-9A84-5D20-FE96-ED342E813FE2}.Debug|Any CPU.Build.0 = Debug|Any CPU
		{7825A601-9A84-5D20-FE96-ED342E813FE2}.Release|Any CPU.ActiveCfg = Release|Any CPU
		{7825A601-9A84-5D20-FE96-ED342E813FE2}.Release|Any CPU.Build.0 = Release|Any CPU
		{28F0583C-D155-CA9B-AAFF-24ECC8658D1C}.Debug|Any CPU.ActiveCfg = Debug|Any CPU
		{28F0583C-D155-CA9B-AAFF-24ECC8658D1C}.Debug|Any CPU.Build.0 = Debug|Any CPU
		{28F0583C-D155-CA9B-AAFF-24ECC8658D1C}.Release|Any CPU.ActiveCfg = Release|Any CPU
		{28F0583C-D155-CA9B-AAFF-24ECC8658D1C}.Release|Any CPU.Build.0 = Release|Any CPU
		{1D9D609B-E24C-E9D1-9DD1-8ECEF76D04FC}.Debug|Any CPU.ActiveCfg = Debug|Any CPU
		{1D9D609B-E24C-E9D1-9DD1-8ECEF76D04FC}.Debug|Any CPU.Build.0 = Debug|Any CPU
		{1D9D609B-E24C-E9D1-9DD1-8ECEF76D04FC}.Release|Any CPU.ActiveCfg = Release|Any CPU
		{1D9D609B-E24C-E9D1-9DD1-8ECEF76D04FC}.Release|Any CPU.Build.0 = Release|Any CPU
		{9CD334E2-49B2-6DDC-6A07-CAF6CA7015AD}.Debug|Any CPU.ActiveCfg = Debug|Any CPU
		{9CD334E2-49B2-6DDC-6A07-CAF6CA7015AD}.Debug|Any CPU.Build.0 = Debug|Any CPU
		{9CD334E2-49B2-6DDC-6A07-CAF6CA7015AD}.Release|Any CPU.ActiveCfg = Release|Any CPU
		{9CD334E2-49B2-6DDC-6A07-CAF6CA7015AD}.Release|Any CPU.Build.0 = Release|Any CPU
		{FBC51D45-D819-2887-9516-692E0DD77E3D}.Debug|Any CPU.ActiveCfg = Debug|Any CPU
		{FBC51D45-D819-2887-9516-692E0DD77E3D}.Debug|Any CPU.Build.0 = Debug|Any CPU
		{FBC51D45-D819-2887-9516-692E0DD77E3D}.Release|Any CPU.ActiveCfg = Release|Any CPU
		{FBC51D45-D819-2887-9516-692E0DD77E3D}.Release|Any CPU.Build.0 = Release|Any CPU
		{2BADFF6F-BE3D-468F-3948-125B738B7392}.Debug|Any CPU.ActiveCfg = Debug|Any CPU
		{2BADFF6F-BE3D-468F-3948-125B738B7392}.Debug|Any CPU.Build.0 = Debug|Any CPU
		{2BADFF6F-BE3D-468F-3948-125B738B7392}.Release|Any CPU.ActiveCfg = Release|Any CPU
		{2BADFF6F-BE3D-468F-3948-125B738B7392}.Release|Any CPU.Build.0 = Release|Any CPU
		{4BCFF64A-F658-87A7-0A10-A1C53057C5BC}.Debug|Any CPU.ActiveCfg = Debug|Any CPU
		{4BCFF64A-F658-87A7-0A10-A1C53057C5BC}.Debug|Any CPU.Build.0 = Debug|Any CPU
		{4BCFF64A-F658-87A7-0A10-A1C53057C5BC}.Release|Any CPU.ActiveCfg = Release|Any CPU
		{4BCFF64A-F658-87A7-0A10-A1C53057C5BC}.Release|Any CPU.Build.0 = Release|Any CPU
		{23869EA6-CFBB-8569-6728-A2644AE16735}.Debug|Any CPU.ActiveCfg = Debug|Any CPU
		{23869EA6-CFBB-8569-6728-A2644AE16735}.Debug|Any CPU.Build.0 = Debug|Any CPU
		{23869EA6-CFBB-8569-6728-A2644AE16735}.Release|Any CPU.ActiveCfg = Release|Any CPU
		{23869EA6-CFBB-8569-6728-A2644AE16735}.Release|Any CPU.Build.0 = Release|Any CPU
		{833223B2-7A8C-8461-01F5-E235B7EACD28}.Debug|Any CPU.ActiveCfg = Debug|Any CPU
		{833223B2-7A8C-8461-01F5-E235B7EACD28}.Debug|Any CPU.Build.0 = Debug|Any CPU
		{833223B2-7A8C-8461-01F5-E235B7EACD28}.Release|Any CPU.ActiveCfg = Release|Any CPU
		{833223B2-7A8C-8461-01F5-E235B7EACD28}.Release|Any CPU.Build.0 = Release|Any CPU
		{71419DB6-EAC7-7959-E368-6244F152E3EB}.Debug|Any CPU.ActiveCfg = Debug|Any CPU
		{71419DB6-EAC7-7959-E368-6244F152E3EB}.Debug|Any CPU.Build.0 = Debug|Any CPU
		{71419DB6-EAC7-7959-E368-6244F152E3EB}.Release|Any CPU.ActiveCfg = Release|Any CPU
		{71419DB6-EAC7-7959-E368-6244F152E3EB}.Release|Any CPU.Build.0 = Release|Any CPU
		{2F391271-C6F8-0DA1-DF0E-87F4DBB20C23}.Debug|Any CPU.ActiveCfg = Debug|Any CPU
		{2F391271-C6F8-0DA1-DF0E-87F4DBB20C23}.Debug|Any CPU.Build.0 = Debug|Any CPU
		{2F391271-C6F8-0DA1-DF0E-87F4DBB20C23}.Release|Any CPU.ActiveCfg = Release|Any CPU
		{2F391271-C6F8-0DA1-DF0E-87F4DBB20C23}.Release|Any CPU.Build.0 = Release|Any CPU
		{75972166-65D4-AF74-011A-E5729C380BE2}.Debug|Any CPU.ActiveCfg = Debug|Any CPU
		{75972166-65D4-AF74-011A-E5729C380BE2}.Debug|Any CPU.Build.0 = Debug|Any CPU
		{75972166-65D4-AF74-011A-E5729C380BE2}.Release|Any CPU.ActiveCfg = Release|Any CPU
		{75972166-65D4-AF74-011A-E5729C380BE2}.Release|Any CPU.Build.0 = Release|Any CPU
		{52DD5E04-FAAF-4B7B-5F18-30861345FE93}.Debug|Any CPU.ActiveCfg = Debug|Any CPU
		{52DD5E04-FAAF-4B7B-5F18-30861345FE93}.Debug|Any CPU.Build.0 = Debug|Any CPU
		{52DD5E04-FAAF-4B7B-5F18-30861345FE93}.Release|Any CPU.ActiveCfg = Release|Any CPU
		{52DD5E04-FAAF-4B7B-5F18-30861345FE93}.Release|Any CPU.Build.0 = Release|Any CPU
		{186F353F-7199-10CC-80AA-FA2791F3EFED}.Debug|Any CPU.ActiveCfg = Debug|Any CPU
		{186F353F-7199-10CC-80AA-FA2791F3EFED}.Debug|Any CPU.Build.0 = Debug|Any CPU
		{186F353F-7199-10CC-80AA-FA2791F3EFED}.Release|Any CPU.ActiveCfg = Release|Any CPU
		{186F353F-7199-10CC-80AA-FA2791F3EFED}.Release|Any CPU.Build.0 = Release|Any CPU
		{92BB73B0-534D-DA40-CCDE-B3D194625A56}.Debug|Any CPU.ActiveCfg = Debug|Any CPU
		{92BB73B0-534D-DA40-CCDE-B3D194625A56}.Debug|Any CPU.Build.0 = Debug|Any CPU
		{92BB73B0-534D-DA40-CCDE-B3D194625A56}.Release|Any CPU.ActiveCfg = Release|Any CPU
		{92BB73B0-534D-DA40-CCDE-B3D194625A56}.Release|Any CPU.Build.0 = Release|Any CPU
		{5C8898D7-6EC8-3A66-6F6B-FEC8EDBC2C7E}.Debug|Any CPU.ActiveCfg = Debug|Any CPU
		{5C8898D7-6EC8-3A66-6F6B-FEC8EDBC2C7E}.Debug|Any CPU.Build.0 = Debug|Any CPU
		{5C8898D7-6EC8-3A66-6F6B-FEC8EDBC2C7E}.Release|Any CPU.ActiveCfg = Release|Any CPU
		{5C8898D7-6EC8-3A66-6F6B-FEC8EDBC2C7E}.Release|Any CPU.Build.0 = Release|Any CPU
		{ED496D46-C8EE-04C7-A7BC-581F0E704317}.Debug|Any CPU.ActiveCfg = Debug|Any CPU
		{ED496D46-C8EE-04C7-A7BC-581F0E704317}.Debug|Any CPU.Build.0 = Debug|Any CPU
		{ED496D46-C8EE-04C7-A7BC-581F0E704317}.Release|Any CPU.ActiveCfg = Release|Any CPU
		{ED496D46-C8EE-04C7-A7BC-581F0E704317}.Release|Any CPU.Build.0 = Release|Any CPU
		{8C8276CE-DD24-5D5D-F981-BC6DC1850077}.Debug|Any CPU.ActiveCfg = Debug|Any CPU
		{8C8276CE-DD24-5D5D-F981-BC6DC1850077}.Debug|Any CPU.Build.0 = Debug|Any CPU
		{8C8276CE-DD24-5D5D-F981-BC6DC1850077}.Release|Any CPU.ActiveCfg = Release|Any CPU
		{8C8276CE-DD24-5D5D-F981-BC6DC1850077}.Release|Any CPU.Build.0 = Release|Any CPU
		{5CCE00BB-44A1-BAA7-D94A-641D9D24A2A1}.Debug|Any CPU.ActiveCfg = Debug|Any CPU
		{5CCE00BB-44A1-BAA7-D94A-641D9D24A2A1}.Debug|Any CPU.Build.0 = Debug|Any CPU
		{5CCE00BB-44A1-BAA7-D94A-641D9D24A2A1}.Release|Any CPU.ActiveCfg = Release|Any CPU
		{5CCE00BB-44A1-BAA7-D94A-641D9D24A2A1}.Release|Any CPU.Build.0 = Release|Any CPU
		{C9E5B5B1-B46A-FEFC-0A9A-5317AB12B12F}.Debug|Any CPU.ActiveCfg = Debug|Any CPU
		{C9E5B5B1-B46A-FEFC-0A9A-5317AB12B12F}.Debug|Any CPU.Build.0 = Debug|Any CPU
		{C9E5B5B1-B46A-FEFC-0A9A-5317AB12B12F}.Release|Any CPU.ActiveCfg = Release|Any CPU
		{C9E5B5B1-B46A-FEFC-0A9A-5317AB12B12F}.Release|Any CPU.Build.0 = Release|Any CPU
		{674C59EF-2CF0-46A5-A8B8-BBE31A1D8208}.Debug|Any CPU.ActiveCfg = Debug|Any CPU
		{674C59EF-2CF0-46A5-A8B8-BBE31A1D8208}.Debug|Any CPU.Build.0 = Debug|Any CPU
		{674C59EF-2CF0-46A5-A8B8-BBE31A1D8208}.Release|Any CPU.ActiveCfg = Release|Any CPU
		{674C59EF-2CF0-46A5-A8B8-BBE31A1D8208}.Release|Any CPU.Build.0 = Release|Any CPU
		{31EB415A-8D6D-825D-43C5-0ADF3A3005B9}.Debug|Any CPU.ActiveCfg = Debug|Any CPU
		{31EB415A-8D6D-825D-43C5-0ADF3A3005B9}.Debug|Any CPU.Build.0 = Debug|Any CPU
		{31EB415A-8D6D-825D-43C5-0ADF3A3005B9}.Release|Any CPU.ActiveCfg = Release|Any CPU
		{31EB415A-8D6D-825D-43C5-0ADF3A3005B9}.Release|Any CPU.Build.0 = Release|Any CPU
		{FF3089B4-C3E2-2DBA-B0AA-3B21D5337340}.Debug|Any CPU.ActiveCfg = Debug|Any CPU
		{FF3089B4-C3E2-2DBA-B0AA-3B21D5337340}.Debug|Any CPU.Build.0 = Debug|Any CPU
		{FF3089B4-C3E2-2DBA-B0AA-3B21D5337340}.Release|Any CPU.ActiveCfg = Release|Any CPU
		{FF3089B4-C3E2-2DBA-B0AA-3B21D5337340}.Release|Any CPU.Build.0 = Release|Any CPU
	EndGlobalSection
	GlobalSection(SolutionProperties) = preSolution
		HideSolutionNode = FALSE
	EndGlobalSection
EndGlobal
